
Microsoft Visual Studio Solution File, Format Version 12.00
# Visual Studio Version 17
VisualStudioVersion = 17.4.33213.308
MinimumVisualStudioVersion = 10.0.40219.1
Project("{FAE04EC0-301F-11D3-BF4B-00C04F79EFBC}") = "UrunTakip", "UrunTakip\UrunTakip.csproj", "{A5AC80AE-4209-4CFC-BC36-3DF266D1A766}"
EndProject
Global
	GlobalSection(SolutionConfigurationPlatforms) = preSolution
		Debug|Any CPU = Debug|Any CPU
		Release|Any CPU = Release|Any CPU
	EndGlobalSection
	GlobalSection(ProjectConfigurationPlatforms) = postSolution
		{A5AC80AE-4209-4CFC-BC36-3DF266D1A766}.Debug|Any CPU.ActiveCfg = Debug|Any CPU
		{A5AC80AE-4209-4CFC-BC36-3DF266D1A766}.Debug|Any CPU.Build.0 = Debug|Any CPU
		{A5AC80AE-4209-4CFC-BC36-3DF266D1A766}.Release|Any CPU.ActiveCfg = Release|Any CPU
		{A5AC80AE-4209-4CFC-BC36-3DF266D1A766}.Release|Any CPU.Build.0 = Release|Any CPU
	EndGlobalSection
	GlobalSection(SolutionProperties) = preSolution
		HideSolutionNode = FALSE
	EndGlobalSection
	GlobalSection(ExtensibilityGlobals) = postSolution
		SolutionGuid = {096D6FA3-8C7A-4157-95C6-182D0A7840AD}
	EndGlobalSection
EndGlobal
